// !$*UTF8*$!
{
	archiveVersion = 1;
	classes = {
	};
	objectVersion = 77;
	objects = {

/* Begin PBXBuildFile section */
		E44BCBA02D5FC764001B16C6 /* CalendarKit in Frameworks */ = {isa = PBXBuildFile; productRef = E44BCB9F2D5FC764001B16C6 /* CalendarKit */; };
		E477B3B02D370E5C001F40FC /* FirebaseCore in Frameworks */ = {isa = PBXBuildFile; productRef = E477B3AF2D370E5C001F40FC /* FirebaseCore */; };
		E477B3B22D370E5C001F40FC /* FirebaseCrashlytics in Frameworks */ = {isa = PBXBuildFile; productRef = E477B3B12D370E5C001F40FC /* FirebaseCrashlytics */; };
		E477B3B42D370E5C001F40FC /* FirebaseDatabase in Frameworks */ = {isa = PBXBuildFile; productRef = E477B3B32D370E5C001F40FC /* FirebaseDatabase */; };
		E477B3B62D370E5C001F40FC /* FirebaseFirestore in Frameworks */ = {isa = PBXBuildFile; productRef = E477B3B52D370E5C001F40FC /* FirebaseFirestore */; };
		E477B3B82D370E5C001F40FC /* FirebaseMessaging in Frameworks */ = {isa = PBXBuildFile; productRef = E477B3B72D370E5C001F40FC /* FirebaseMessaging */; };
		E477B3BA2D370E5C001F40FC /* FirebaseStorage in Frameworks */ = {isa = PBXBuildFile; productRef = E477B3B92D370E5C001F40FC /* FirebaseStorage */; };
		E4D1A69C2CEDD096009E0CF2 /* FirebaseAnalytics in Frameworks */ = {isa = PBXBuildFile; productRef = E4D1A69B2CEDD096009E0CF2 /* FirebaseAnalytics */; };
		E4D1A69E2CEDD096009E0CF2 /* FirebaseAuth in Frameworks */ = {isa = PBXBuildFile; productRef = E4D1A69D2CEDD096009E0CF2 /* FirebaseAuth */; };
/* End PBXBuildFile section */

/* Begin PBXContainerItemProxy section */
		E4D1A6742CEDCCB1009E0CF2 /* PBXContainerItemProxy */ = {
			isa = PBXContainerItemProxy;
			containerPortal = E4D1A65B2CEDCCAF009E0CF2 /* Project object */;
			proxyType = 1;
			remoteGlobalIDString = E4D1A6622CEDCCAF009E0CF2;
			remoteInfo = MedPez;
		};
		E4D1A67E2CEDCCB1009E0CF2 /* PBXContainerItemProxy */ = {
			isa = PBXContainerItemProxy;
			containerPortal = E4D1A65B2CEDCCAF009E0CF2 /* Project object */;
			proxyType = 1;
			remoteGlobalIDString = E4D1A6622CEDCCAF009E0CF2;
			remoteInfo = MedPez;
		};
/* End PBXContainerItemProxy section */

/* Begin PBXFileReference section */
		E4D1A6632CEDCCAF009E0CF2 /* MedPez.app */ = {isa = PBXFileReference; explicitFileType = wrapper.application; includeInIndex = 0; path = MedPez.app; sourceTree = BUILT_PRODUCTS_DIR; };
		E4D1A6732CEDCCB1009E0CF2 /* MedPezTests.xctest */ = {isa = PBXFileReference; explicitFileType = wrapper.cfbundle; includeInIndex = 0; path = MedPezTests.xctest; sourceTree = BUILT_PRODUCTS_DIR; };
		E4D1A67D2CEDCCB1009E0CF2 /* MedPezUITests.xctest */ = {isa = PBXFileReference; explicitFileType = wrapper.cfbundle; includeInIndex = 0; path = MedPezUITests.xctest; sourceTree = BUILT_PRODUCTS_DIR; };
/* End PBXFileReference section */

/* Begin PBXFileSystemSynchronizedBuildFileExceptionSet section */
		E42B63352D4CA94500BB24C7 /* Exceptions for "MedPez" folder in "MedPez" target */ = {
			isa = PBXFileSystemSynchronizedBuildFileExceptionSet;
			membershipExceptions = (
				Info.plist,
			);
			target = E4D1A6622CEDCCAF009E0CF2 /* MedPez */;
		};
/* End PBXFileSystemSynchronizedBuildFileExceptionSet section */

/* Begin PBXFileSystemSynchronizedRootGroup section */
		E4D1A6652CEDCCAF009E0CF2 /* MedPez */ = {
			isa = PBXFileSystemSynchronizedRootGroup;
			exceptions = (
				E42B63352D4CA94500BB24C7 /* Exceptions for "MedPez" folder in "MedPez" target */,
			);
			path = MedPez;
			sourceTree = "<group>";
		};
		E4D1A6762CEDCCB1009E0CF2 /* MedPezTests */ = {
			isa = PBXFileSystemSynchronizedRootGroup;
			path = MedPezTests;
			sourceTree = "<group>";
		};
		E4D1A6802CEDCCB1009E0CF2 /* MedPezUITests */ = {
			isa = PBXFileSystemSynchronizedRootGroup;
			path = MedPezUITests;
			sourceTree = "<group>";
		};
/* End PBXFileSystemSynchronizedRootGroup section */

/* Begin PBXFrameworksBuildPhase section */
		E4D1A6602CEDCCAF009E0CF2 /* Frameworks */ = {
			isa = PBXFrameworksBuildPhase;
			buildActionMask = 2147483647;
			files = (
				E477B3B42D370E5C001F40FC /* FirebaseDatabase in Frameworks */,
				E4D1A69C2CEDD096009E0CF2 /* FirebaseAnalytics in Frameworks */,
				E477B3B82D370E5C001F40FC /* FirebaseMessaging in Frameworks */,
				E477B3B22D370E5C001F40FC /* FirebaseCrashlytics in Frameworks */,
				E477B3B02D370E5C001F40FC /* FirebaseCore in Frameworks */,
				E477B3BA2D370E5C001F40FC /* FirebaseStorage in Frameworks */,
				E4D1A69E2CEDD096009E0CF2 /* FirebaseAuth in Frameworks */,
				E44BCBA02D5FC764001B16C6 /* CalendarKit in Frameworks */,
				E477B3B62D370E5C001F40FC /* FirebaseFirestore in Frameworks */,
			);
			runOnlyForDeploymentPostprocessing = 0;
		};
		E4D1A6702CEDCCB1009E0CF2 /* Frameworks */ = {
			isa = PBXFrameworksBuildPhase;
			buildActionMask = 2147483647;
			files = (
			);
			runOnlyForDeploymentPostprocessing = 0;
		};
		E4D1A67A2CEDCCB1009E0CF2 /* Frameworks */ = {
			isa = PBXFrameworksBuildPhase;
			buildActionMask = 2147483647;
			files = (
			);
			runOnlyForDeploymentPostprocessing = 0;
		};
/* End PBXFrameworksBuildPhase section */

/* Begin PBXGroup section */
		E4D1A65A2CEDCCAF009E0CF2 = {
			isa = PBXGroup;
			children = (
				E4D1A6652CEDCCAF009E0CF2 /* MedPez */,
				E4D1A6762CEDCCB1009E0CF2 /* MedPezTests */,
				E4D1A6802CEDCCB1009E0CF2 /* MedPezUITests */,
				E4D1A6642CEDCCAF009E0CF2 /* Products */,
			);
			sourceTree = "<group>";
		};
		E4D1A6642CEDCCAF009E0CF2 /* Products */ = {
			isa = PBXGroup;
			children = (
				E4D1A6632CEDCCAF009E0CF2 /* MedPez.app */,
				E4D1A6732CEDCCB1009E0CF2 /* MedPezTests.xctest */,
				E4D1A67D2CEDCCB1009E0CF2 /* MedPezUITests.xctest */,
			);
			name = Products;
			sourceTree = "<group>";
		};
/* End PBXGroup section */

/* Begin PBXNativeTarget section */
		E4D1A6622CEDCCAF009E0CF2 /* MedPez */ = {
			isa = PBXNativeTarget;
			buildConfigurationList = E4D1A6872CEDCCB1009E0CF2 /* Build configuration list for PBXNativeTarget "MedPez" */;
			buildPhases = (
				E4D1A65F2CEDCCAF009E0CF2 /* Sources */,
				E4D1A6602CEDCCAF009E0CF2 /* Frameworks */,
				E4D1A6612CEDCCAF009E0CF2 /* Resources */,
			);
			buildRules = (
			);
			dependencies = (
			);
			fileSystemSynchronizedGroups = (
				E4D1A6652CEDCCAF009E0CF2 /* MedPez */,
			);
			name = MedPez;
			packageProductDependencies = (
				E4D1A69B2CEDD096009E0CF2 /* FirebaseAnalytics */,
				E4D1A69D2CEDD096009E0CF2 /* FirebaseAuth */,
				E477B3AF2D370E5C001F40FC /* FirebaseCore */,
				E477B3B12D370E5C001F40FC /* FirebaseCrashlytics */,
				E477B3B32D370E5C001F40FC /* FirebaseDatabase */,
				E477B3B52D370E5C001F40FC /* FirebaseFirestore */,
				E477B3B72D370E5C001F40FC /* FirebaseMessaging */,
				E477B3B92D370E5C001F40FC /* FirebaseStorage */,
				E44BCB9F2D5FC764001B16C6 /* CalendarKit */,
			);
			productName = MedPez;
			productReference = E4D1A6632CEDCCAF009E0CF2 /* MedPez.app */;
			productType = "com.apple.product-type.application";
		};
		E4D1A6722CEDCCB1009E0CF2 /* MedPezTests */ = {
			isa = PBXNativeTarget;
			buildConfigurationList = E4D1A68A2CEDCCB1009E0CF2 /* Build configuration list for PBXNativeTarget "MedPezTests" */;
			buildPhases = (
				E4D1A66F2CEDCCB1009E0CF2 /* Sources */,
				E4D1A6702CEDCCB1009E0CF2 /* Frameworks */,
				E4D1A6712CEDCCB1009E0CF2 /* Resources */,
			);
			buildRules = (
			);
			dependencies = (
				E4D1A6752CEDCCB1009E0CF2 /* PBXTargetDependency */,
			);
			fileSystemSynchronizedGroups = (
				E4D1A6762CEDCCB1009E0CF2 /* MedPezTests */,
			);
			name = MedPezTests;
			packageProductDependencies = (
			);
			productName = MedPezTests;
			productReference = E4D1A6732CEDCCB1009E0CF2 /* MedPezTests.xctest */;
			productType = "com.apple.product-type.bundle.unit-test";
		};
		E4D1A67C2CEDCCB1009E0CF2 /* MedPezUITests */ = {
			isa = PBXNativeTarget;
			buildConfigurationList = E4D1A68D2CEDCCB1009E0CF2 /* Build configuration list for PBXNativeTarget "MedPezUITests" */;
			buildPhases = (
				E4D1A6792CEDCCB1009E0CF2 /* Sources */,
				E4D1A67A2CEDCCB1009E0CF2 /* Frameworks */,
				E4D1A67B2CEDCCB1009E0CF2 /* Resources */,
			);
			buildRules = (
			);
			dependencies = (
				E4D1A67F2CEDCCB1009E0CF2 /* PBXTargetDependency */,
			);
			fileSystemSynchronizedGroups = (
				E4D1A6802CEDCCB1009E0CF2 /* MedPezUITests */,
			);
			name = MedPezUITests;
			packageProductDependencies = (
			);
			productName = MedPezUITests;
			productReference = E4D1A67D2CEDCCB1009E0CF2 /* MedPezUITests.xctest */;
			productType = "com.apple.product-type.bundle.ui-testing";
		};
/* End PBXNativeTarget section */

/* Begin PBXProject section */
		E4D1A65B2CEDCCAF009E0CF2 /* Project object */ = {
			isa = PBXProject;
			attributes = {
				BuildIndependentTargetsInParallel = 1;
				LastSwiftUpdateCheck = 1610;
				LastUpgradeCheck = 1630;
				TargetAttributes = {
					E4D1A6622CEDCCAF009E0CF2 = {
						CreatedOnToolsVersion = 16.1;
					};
					E4D1A6722CEDCCB1009E0CF2 = {
						CreatedOnToolsVersion = 16.1;
						TestTargetID = E4D1A6622CEDCCAF009E0CF2;
					};
					E4D1A67C2CEDCCB1009E0CF2 = {
						CreatedOnToolsVersion = 16.1;
						TestTargetID = E4D1A6622CEDCCAF009E0CF2;
					};
				};
			};
			buildConfigurationList = E4D1A65E2CEDCCAF009E0CF2 /* Build configuration list for PBXProject "MedPez" */;
			developmentRegion = en;
			hasScannedForEncodings = 0;
			knownRegions = (
				en,
				Base,
			);
			mainGroup = E4D1A65A2CEDCCAF009E0CF2;
			minimizedProjectReferenceProxies = 1;
			packageReferences = (
				E4D1A69A2CEDD096009E0CF2 /* XCRemoteSwiftPackageReference "firebase-ios-sdk" */,
				E44BCB9E2D5FC764001B16C6 /* XCRemoteSwiftPackageReference "CalendarKit" */,
			);
			preferredProjectObjectVersion = 77;
			productRefGroup = E4D1A6642CEDCCAF009E0CF2 /* Products */;
			projectDirPath = "";
			projectRoot = "";
			targets = (
				E4D1A6622CEDCCAF009E0CF2 /* MedPez */,
				E4D1A6722CEDCCB1009E0CF2 /* MedPezTests */,
				E4D1A67C2CEDCCB1009E0CF2 /* MedPezUITests */,
			);
		};
/* End PBXProject section */

/* Begin PBXResourcesBuildPhase section */
		E4D1A6612CEDCCAF009E0CF2 /* Resources */ = {
			isa = PBXResourcesBuildPhase;
			buildActionMask = 2147483647;
			files = (
			);
			runOnlyForDeploymentPostprocessing = 0;
		};
		E4D1A6712CEDCCB1009E0CF2 /* Resources */ = {
			isa = PBXResourcesBuildPhase;
			buildActionMask = 2147483647;
			files = (
			);
			runOnlyForDeploymentPostprocessing = 0;
		};
		E4D1A67B2CEDCCB1009E0CF2 /* Resources */ = {
			isa = PBXResourcesBuildPhase;
			buildActionMask = 2147483647;
			files = (
			);
			runOnlyForDeploymentPostprocessing = 0;
		};
/* End PBXResourcesBuildPhase section */

/* Begin PBXSourcesBuildPhase section */
		E4D1A65F2CEDCCAF009E0CF2 /* Sources */ = {
			isa = PBXSourcesBuildPhase;
			buildActionMask = 2147483647;
			files = (
			);
			runOnlyForDeploymentPostprocessing = 0;
		};
		E4D1A66F2CEDCCB1009E0CF2 /* Sources */ = {
			isa = PBXSourcesBuildPhase;
			buildActionMask = 2147483647;
			files = (
			);
			runOnlyForDeploymentPostprocessing = 0;
		};
		E4D1A6792CEDCCB1009E0CF2 /* Sources */ = {
			isa = PBXSourcesBuildPhase;
			buildActionMask = 2147483647;
			files = (
			);
			runOnlyForDeploymentPostprocessing = 0;
		};
/* End PBXSourcesBuildPhase section */

/* Begin PBXTargetDependency section */
		E4D1A6752CEDCCB1009E0CF2 /* PBXTargetDependency */ = {
			isa = PBXTargetDependency;
			target = E4D1A6622CEDCCAF009E0CF2 /* MedPez */;
			targetProxy = E4D1A6742CEDCCB1009E0CF2 /* PBXContainerItemProxy */;
		};
		E4D1A67F2CEDCCB1009E0CF2 /* PBXTargetDependency */ = {
			isa = PBXTargetDependency;
			target = E4D1A6622CEDCCAF009E0CF2 /* MedPez */;
			targetProxy = E4D1A67E2CEDCCB1009E0CF2 /* PBXContainerItemProxy */;
		};
/* End PBXTargetDependency section */

/* Begin XCBuildConfiguration section */
		E4D1A6852CEDCCB1009E0CF2 /* Debug */ = {
			isa = XCBuildConfiguration;
			buildSettings = {
				ALWAYS_SEARCH_USER_PATHS = NO;
				ASSETCATALOG_COMPILER_GENERATE_SWIFT_ASSET_SYMBOL_EXTENSIONS = YES;
				CLANG_ANALYZER_NONNULL = YES;
				CLANG_ANALYZER_NUMBER_OBJECT_CONVERSION = YES_AGGRESSIVE;
				CLANG_CXX_LANGUAGE_STANDARD = "gnu++20";
				CLANG_ENABLE_MODULES = YES;
				CLANG_ENABLE_OBJC_ARC = YES;
				CLANG_ENABLE_OBJC_WEAK = YES;
				CLANG_WARN_BLOCK_CAPTURE_AUTORELEASING = YES;
				CLANG_WARN_BOOL_CONVERSION = YES;
				CLANG_WARN_COMMA = YES;
				CLANG_WARN_CONSTANT_CONVERSION = YES;
				CLANG_WARN_DEPRECATED_OBJC_IMPLEMENTATIONS = YES;
				CLANG_WARN_DIRECT_OBJC_ISA_USAGE = YES_ERROR;
				CLANG_WARN_DOCUMENTATION_COMMENTS = YES;
				CLANG_WARN_EMPTY_BODY = YES;
				CLANG_WARN_ENUM_CONVERSION = YES;
				CLANG_WARN_INFINITE_RECURSION = YES;
				CLANG_WARN_INT_CONVERSION = YES;
				CLANG_WARN_NON_LITERAL_NULL_CONVERSION = YES;
				CLANG_WARN_OBJC_IMPLICIT_RETAIN_SELF = YES;
				CLANG_WARN_OBJC_LITERAL_CONVERSION = YES;
				CLANG_WARN_OBJC_ROOT_CLASS = YES_ERROR;
				CLANG_WARN_QUOTED_INCLUDE_IN_FRAMEWORK_HEADER = YES;
				CLANG_WARN_RANGE_LOOP_ANALYSIS = YES;
				CLANG_WARN_STRICT_PROTOTYPES = YES;
				CLANG_WARN_SUSPICIOUS_MOVE = YES;
				CLANG_WARN_UNGUARDED_AVAILABILITY = YES_AGGRESSIVE;
				CLANG_WARN_UNREACHABLE_CODE = YES;
				CLANG_WARN__DUPLICATE_METHOD_MATCH = YES;
				COPY_PHASE_STRIP = NO;
				DEBUG_INFORMATION_FORMAT = dwarf;
				DEVELOPMENT_TEAM = AY8J9VVHLY;
				ENABLE_STRICT_OBJC_MSGSEND = YES;
				ENABLE_TESTABILITY = YES;
				ENABLE_USER_SCRIPT_SANDBOXING = YES;
				GCC_C_LANGUAGE_STANDARD = gnu17;
				GCC_DYNAMIC_NO_PIC = NO;
				GCC_NO_COMMON_BLOCKS = YES;
				GCC_OPTIMIZATION_LEVEL = 0;
				GCC_PREPROCESSOR_DEFINITIONS = (
					"DEBUG=1",
					"$(inherited)",
				);
				GCC_WARN_64_TO_32_BIT_CONVERSION = YES;
				GCC_WARN_ABOUT_RETURN_TYPE = YES_ERROR;
				GCC_WARN_UNDECLARED_SELECTOR = YES;
				GCC_WARN_UNINITIALIZED_AUTOS = YES_AGGRESSIVE;
				GCC_WARN_UNUSED_FUNCTION = YES;
				GCC_WARN_UNUSED_VARIABLE = YES;
				IPHONEOS_DEPLOYMENT_TARGET = 18.1;
				LOCALIZATION_PREFERS_STRING_CATALOGS = YES;
				MTL_ENABLE_DEBUG_INFO = INCLUDE_SOURCE;
				MTL_FAST_MATH = YES;
				ONLY_ACTIVE_ARCH = YES;
				SDKROOT = iphoneos;
				SWIFT_ACTIVE_COMPILATION_CONDITIONS = "DEBUG $(inherited)";
				SWIFT_OPTIMIZATION_LEVEL = "-Onone";
			};
			name = Debug;
		};
		E4D1A6862CEDCCB1009E0CF2 /* Release */ = {
			isa = XCBuildConfiguration;
			buildSettings = {
				ALWAYS_SEARCH_USER_PATHS = NO;
				ASSETCATALOG_COMPILER_GENERATE_SWIFT_ASSET_SYMBOL_EXTENSIONS = YES;
				CLANG_ANALYZER_NONNULL = YES;
				CLANG_ANALYZER_NUMBER_OBJECT_CONVERSION = YES_AGGRESSIVE;
				CLANG_CXX_LANGUAGE_STANDARD = "gnu++20";
				CLANG_ENABLE_MODULES = YES;
				CLANG_ENABLE_OBJC_ARC = YES;
				CLANG_ENABLE_OBJC_WEAK = YES;
				CLANG_WARN_BLOCK_CAPTURE_AUTORELEASING = YES;
				CLANG_WARN_BOOL_CONVERSION = YES;
				CLANG_WARN_COMMA = YES;
				CLANG_WARN_CONSTANT_CONVERSION = YES;
				CLANG_WARN_DEPRECATED_OBJC_IMPLEMENTATIONS = YES;
				CLANG_WARN_DIRECT_OBJC_ISA_USAGE = YES_ERROR;
				CLANG_WARN_DOCUMENTATION_COMMENTS = YES;
				CLANG_WARN_EMPTY_BODY = YES;
				CLANG_WARN_ENUM_CONVERSION = YES;
				CLANG_WARN_INFINITE_RECURSION = YES;
				CLANG_WARN_INT_CONVERSION = YES;
				CLANG_WARN_NON_LITERAL_NULL_CONVERSION = YES;
				CLANG_WARN_OBJC_IMPLICIT_RETAIN_SELF = YES;
				CLANG_WARN_OBJC_LITERAL_CONVERSION = YES;
				CLANG_WARN_OBJC_ROOT_CLASS = YES_ERROR;
				CLANG_WARN_QUOTED_INCLUDE_IN_FRAMEWORK_HEADER = YES;
				CLANG_WARN_RANGE_LOOP_ANALYSIS = YES;
				CLANG_WARN_STRICT_PROTOTYPES = YES;
				CLANG_WARN_SUSPICIOUS_MOVE = YES;
				CLANG_WARN_UNGUARDED_AVAILABILITY = YES_AGGRESSIVE;
				CLANG_WARN_UNREACHABLE_CODE = YES;
				CLANG_WARN__DUPLICATE_METHOD_MATCH = YES;
				COPY_PHASE_STRIP = NO;
				DEBUG_INFORMATION_FORMAT = "dwarf-with-dsym";
				DEVELOPMENT_TEAM = AY8J9VVHLY;
				ENABLE_NS_ASSERTIONS = NO;
				ENABLE_STRICT_OBJC_MSGSEND = YES;
				ENABLE_USER_SCRIPT_SANDBOXING = YES;
				GCC_C_LANGUAGE_STANDARD = gnu17;
				GCC_NO_COMMON_BLOCKS = YES;
				GCC_WARN_64_TO_32_BIT_CONVERSION = YES;
				GCC_WARN_ABOUT_RETURN_TYPE = YES_ERROR;
				GCC_WARN_UNDECLARED_SELECTOR = YES;
				GCC_WARN_UNINITIALIZED_AUTOS = YES_AGGRESSIVE;
				GCC_WARN_UNUSED_FUNCTION = YES;
				GCC_WARN_UNUSED_VARIABLE = YES;
				IPHONEOS_DEPLOYMENT_TARGET = 18.1;
				LOCALIZATION_PREFERS_STRING_CATALOGS = YES;
				MTL_ENABLE_DEBUG_INFO = NO;
				MTL_FAST_MATH = YES;
				SDKROOT = iphoneos;
				SWIFT_COMPILATION_MODE = wholemodule;
				VALIDATE_PRODUCT = YES;
			};
			name = Release;
		};
		E4D1A6882CEDCCB1009E0CF2 /* Debug */ = {
			isa = XCBuildConfiguration;
			buildSettings = {
				ASSETCATALOG_COMPILER_APPICON_NAME = AppIcon;
				ASSETCATALOG_COMPILER_GLOBAL_ACCENT_COLOR_NAME = AccentColor;
				CODE_SIGN_ENTITLEMENTS = MedPez/MedPez.entitlements;
				CODE_SIGN_STYLE = Automatic;
				CURRENT_PROJECT_VERSION = 1;
				DEVELOPMENT_ASSET_PATHS = "\"MedPez/Preview Content\"";
				ENABLE_PREVIEWS = YES;
				GENERATE_INFOPLIST_FILE = YES;
				INFOPLIST_FILE = MedPez/Info.plist;
				INFOPLIST_KEY_NSBluetoothAlwaysUsageDescription = "App needs bluetooth access to connect to nearby devices.";
				INFOPLIST_KEY_NSBluetoothPeripheralUsageDescription = "App needs bluetooth access to connect to nearby devices.";
				INFOPLIST_KEY_NSCalendarsUsageDescription = "This allows app the modify calendar";
				INFOPLIST_KEY_NSContactsUsageDescription = "This allows app to see contacts";
				INFOPLIST_KEY_UIApplicationSceneManifest_Generation = YES;
				INFOPLIST_KEY_UIApplicationSupportsIndirectInputEvents = YES;
				INFOPLIST_KEY_UILaunchScreen_Generation = YES;
				INFOPLIST_KEY_UILaunchStoryboardName = "Launch Screen";
				INFOPLIST_KEY_UIStatusBarStyle = "";
				INFOPLIST_KEY_UISupportedInterfaceOrientations = "UIInterfaceOrientationLandscapeLeft UIInterfaceOrientationLandscapeRight UIInterfaceOrientationPortrait UIInterfaceOrientationPortraitUpsideDown";
				IPHONEOS_DEPLOYMENT_TARGET = 18.0;
				LD_RUNPATH_SEARCH_PATHS = (
					"$(inherited)",
					"@executable_path/Frameworks",
				);
				MARKETING_VERSION = 1.0;
				PRODUCT_BUNDLE_IDENTIFIER = com.brianlee.MedPez;
				PRODUCT_NAME = "$(TARGET_NAME)";
				SWIFT_EMIT_LOC_STRINGS = YES;
				SWIFT_VERSION = 5.0;
				TARGETED_DEVICE_FAMILY = "1,2";
			};
			name = Debug;
		};
		E4D1A6892CEDCCB1009E0CF2 /* Release */ = {
			isa = XCBuildConfiguration;
			buildSettings = {
				ASSETCATALOG_COMPILER_APPICON_NAME = AppIcon;
				ASSETCATALOG_COMPILER_GLOBAL_ACCENT_COLOR_NAME = AccentColor;
				CODE_SIGN_ENTITLEMENTS = MedPez/MedPez.entitlements;
				CODE_SIGN_STYLE = Automatic;
				CURRENT_PROJECT_VERSION = 1;
				DEVELOPMENT_ASSET_PATHS = "\"MedPez/Preview Content\"";
				ENABLE_PREVIEWS = YES;
				GENERATE_INFOPLIST_FILE = YES;
				INFOPLIST_FILE = MedPez/Info.plist;
				INFOPLIST_KEY_NSBluetoothAlwaysUsageDescription = "App needs bluetooth access to connect to nearby devices.";
				INFOPLIST_KEY_NSBluetoothPeripheralUsageDescription = "App needs bluetooth access to connect to nearby devices.";
				INFOPLIST_KEY_NSCalendarsUsageDescription = "This allows app the modify calendar";
				INFOPLIST_KEY_NSContactsUsageDescription = "This allows app to see contacts";
				INFOPLIST_KEY_UIApplicationSceneManifest_Generation = YES;
				INFOPLIST_KEY_UIApplicationSupportsIndirectInputEvents = YES;
				INFOPLIST_KEY_UILaunchScreen_Generation = YES;
				INFOPLIST_KEY_UILaunchStoryboardName = "Launch Screen";
				INFOPLIST_KEY_UIStatusBarStyle = "";
				INFOPLIST_KEY_UISupportedInterfaceOrientations = "UIInterfaceOrientationLandscapeLeft UIInterfaceOrientationLandscapeRight UIInterfaceOrientationPortrait UIInterfaceOrientationPortraitUpsideDown";
				IPHONEOS_DEPLOYMENT_TARGET = 18.0;
				LD_RUNPATH_SEARCH_PATHS = (
					"$(inherited)",
					"@executable_path/Frameworks",
				);
				MARKETING_VERSION = 1.0;
				PRODUCT_BUNDLE_IDENTIFIER = com.brianlee.MedPez;
				PRODUCT_NAME = "$(TARGET_NAME)";
				SWIFT_EMIT_LOC_STRINGS = YES;
				SWIFT_VERSION = 5.0;
				TARGETED_DEVICE_FAMILY = "1,2";
			};
			name = Release;
		};
		E4D1A68B2CEDCCB1009E0CF2 /* Debug */ = {
			isa = XCBuildConfiguration;
			buildSettings = {
				BUNDLE_LOADER = "$(TEST_HOST)";
				CODE_SIGN_STYLE = Automatic;
				CURRENT_PROJECT_VERSION = 1;
				GENERATE_INFOPLIST_FILE = YES;
				IPHONEOS_DEPLOYMENT_TARGET = 18.1;
				MARKETING_VERSION = 1.0;
				PRODUCT_BUNDLE_IDENTIFIER = com.brianlee.MedPezTests;
				PRODUCT_NAME = "$(TARGET_NAME)";
				SWIFT_EMIT_LOC_STRINGS = NO;
				SWIFT_VERSION = 5.0;
				TARGETED_DEVICE_FAMILY = "1,2";
				TEST_HOST = "$(BUILT_PRODUCTS_DIR)/MedPez.app/$(BUNDLE_EXECUTABLE_FOLDER_PATH)/MedPez";
			};
			name = Debug;
		};
		E4D1A68C2CEDCCB1009E0CF2 /* Release */ = {
			isa = XCBuildConfiguration;
			buildSettings = {
				BUNDLE_LOADER = "$(TEST_HOST)";
				CODE_SIGN_STYLE = Automatic;
				CURRENT_PROJECT_VERSION = 1;
				GENERATE_INFOPLIST_FILE = YES;
				IPHONEOS_DEPLOYMENT_TARGET = 18.1;
				MARKETING_VERSION = 1.0;
				PRODUCT_BUNDLE_IDENTIFIER = com.brianlee.MedPezTests;
				PRODUCT_NAME = "$(TARGET_NAME)";
				SWIFT_EMIT_LOC_STRINGS = NO;
				SWIFT_VERSION = 5.0;
				TARGETED_DEVICE_FAMILY = "1,2";
				TEST_HOST = "$(BUILT_PRODUCTS_DIR)/MedPez.app/$(BUNDLE_EXECUTABLE_FOLDER_PATH)/MedPez";
			};
			name = Release;
		};
		E4D1A68E2CEDCCB1009E0CF2 /* Debug */ = {
			isa = XCBuildConfiguration;
			buildSettings = {
				CODE_SIGN_STYLE = Automatic;
				CURRENT_PROJECT_VERSION = 1;
				GENERATE_INFOPLIST_FILE = YES;
				MARKETING_VERSION = 1.0;
				PRODUCT_BUNDLE_IDENTIFIER = com.brianlee.MedPezUITests;
				PRODUCT_NAME = "$(TARGET_NAME)";
				SWIFT_EMIT_LOC_STRINGS = NO;
				SWIFT_VERSION = 5.0;
				TARGETED_DEVICE_FAMILY = "1,2";
				TEST_TARGET_NAME = MedPez;
			};
			name = Debug;
		};
		E4D1A68F2CEDCCB1009E0CF2 /* Release */ = {
			isa = XCBuildConfiguration;
			buildSettings = {
				CODE_SIGN_STYLE = Automatic;
				CURRENT_PROJECT_VERSION = 1;
				GENERATE_INFOPLIST_FILE = YES;
				MARKETING_VERSION = 1.0;
				PRODUCT_BUNDLE_IDENTIFIER = com.brianlee.MedPezUITests;
				PRODUCT_NAME = "$(TARGET_NAME)";
				SWIFT_EMIT_LOC_STRINGS = NO;
				SWIFT_VERSION = 5.0;
				TARGETED_DEVICE_FAMILY = "1,2";
				TEST_TARGET_NAME = MedPez;
			};
			name = Release;
		};
/* End XCBuildConfiguration section */

/* Begin XCConfigurationList section */
		E4D1A65E2CEDCCAF009E0CF2 /* Build configuration list for PBXProject "MedPez" */ = {
			isa = XCConfigurationList;
			buildConfigurations = (
				E4D1A6852CEDCCB1009E0CF2 /* Debug */,
				E4D1A6862CEDCCB1009E0CF2 /* Release */,
			);
			defaultConfigurationIsVisible = 0;
			defaultConfigurationName = Release;
		};
		E4D1A6872CEDCCB1009E0CF2 /* Build configuration list for PBXNativeTarget "MedPez" */ = {
			isa = XCConfigurationList;
			buildConfigurations = (
				E4D1A6882CEDCCB1009E0CF2 /* Debug */,
				E4D1A6892CEDCCB1009E0CF2 /* Release */,
			);
			defaultConfigurationIsVisible = 0;
			defaultConfigurationName = Release;
		};
		E4D1A68A2CEDCCB1009E0CF2 /* Build configuration list for PBXNativeTarget "MedPezTests" */ = {
			isa = XCConfigurationList;
			buildConfigurations = (
				E4D1A68B2CEDCCB1009E0CF2 /* Debug */,
				E4D1A68C2CEDCCB1009E0CF2 /* Release */,
			);
			defaultConfigurationIsVisible = 0;
			defaultConfigurationName = Release;
		};
		E4D1A68D2CEDCCB1009E0CF2 /* Build configuration list for PBXNativeTarget "MedPezUITests" */ = {
			isa = XCConfigurationList;
			buildConfigurations = (
				E4D1A68E2CEDCCB1009E0CF2 /* Debug */,
				E4D1A68F2CEDCCB1009E0CF2 /* Release */,
			);
			defaultConfigurationIsVisible = 0;
			defaultConfigurationName = Release;
		};
/* End XCConfigurationList section */

/* Begin XCRemoteSwiftPackageReference section */
		E44BCB9E2D5FC764001B16C6 /* XCRemoteSwiftPackageReference "CalendarKit" */ = {
			isa = XCRemoteSwiftPackageReference;
			repositoryURL = "https://github.com/richardtop/CalendarKit.git";
			requirement = {
				kind = upToNextMajorVersion;
				minimumVersion = 1.1.11;
			};
		};
		E4D1A69A2CEDD096009E0CF2 /* XCRemoteSwiftPackageReference "firebase-ios-sdk" */ = {
			isa = XCRemoteSwiftPackageReference;
			repositoryURL = "https://github.com/firebase/firebase-ios-sdk";
			requirement = {
				kind = upToNextMajorVersion;
				minimumVersion = 11.5.0;
			};
		};
/* End XCRemoteSwiftPackageReference section */

/* Begin XCSwiftPackageProductDependency section */
		E44BCB9F2D5FC764001B16C6 /* CalendarKit */ = {
			isa = XCSwiftPackageProductDependency;
			package = E44BCB9E2D5FC764001B16C6 /* XCRemoteSwiftPackageReference "CalendarKit" */;
			productName = CalendarKit;
		};
		E477B3AF2D370E5C001F40FC /* FirebaseCore */ = {
			isa = XCSwiftPackageProductDependency;
			package = E4D1A69A2CEDD096009E0CF2 /* XCRemoteSwiftPackageReference "firebase-ios-sdk" */;
			productName = FirebaseCore;
		};
		E477B3B12D370E5C001F40FC /* FirebaseCrashlytics */ = {
			isa = XCSwiftPackageProductDependency;
			package = E4D1A69A2CEDD096009E0CF2 /* XCRemoteSwiftPackageReference "firebase-ios-sdk" */;
			productName = FirebaseCrashlytics;
		};
		E477B3B32D370E5C001F40FC /* FirebaseDatabase */ = {
			isa = XCSwiftPackageProductDependency;
			package = E4D1A69A2CEDD096009E0CF2 /* XCRemoteSwiftPackageReference "firebase-ios-sdk" */;
			productName = FirebaseDatabase;
		};
		E477B3B52D370E5C001F40FC /* FirebaseFirestore */ = {
			isa = XCSwiftPackageProductDependency;
			package = E4D1A69A2CEDD096009E0CF2 /* XCRemoteSwiftPackageReference "firebase-ios-sdk" */;
			productName = FirebaseFirestore;
		};
		E477B3B72D370E5C001F40FC /* FirebaseMessaging */ = {
			isa = XCSwiftPackageProductDependency;
			package = E4D1A69A2CEDD096009E0CF2 /* XCRemoteSwiftPackageReference "firebase-ios-sdk" */;
			productName = FirebaseMessaging;
		};
		E477B3B92D370E5C001F40FC /* FirebaseStorage */ = {
			isa = XCSwiftPackageProductDependency;
			package = E4D1A69A2CEDD096009E0CF2 /* XCRemoteSwiftPackageReference "firebase-ios-sdk" */;
			productName = FirebaseStorage;
		};
		E4D1A69B2CEDD096009E0CF2 /* FirebaseAnalytics */ = {
			isa = XCSwiftPackageProductDependency;
			package = E4D1A69A2CEDD096009E0CF2 /* XCRemoteSwiftPackageReference "firebase-ios-sdk" */;
			productName = FirebaseAnalytics;
		};
		E4D1A69D2CEDD096009E0CF2 /* FirebaseAuth */ = {
			isa = XCSwiftPackageProductDependency;
			package = E4D1A69A2CEDD096009E0CF2 /* XCRemoteSwiftPackageReference "firebase-ios-sdk" */;
			productName = FirebaseAuth;
		};
/* End XCSwiftPackageProductDependency section */
	};
	rootObject = E4D1A65B2CEDCCAF009E0CF2 /* Project object */;
}
